// !$*UTF8*$!
{
	archiveVersion = 1;
	classes = {
	};
	objectVersion = 50;
	objects = {

/* Begin PBXBuildFile section */
		536DA149217DB71300C1F81B /* AppDelegate.swift in Sources */ = {isa = PBXBuildFile; fileRef = 536DA148217DB71300C1F81B /* AppDelegate.swift */; };
		536DA14B217DB71300C1F81B /* ViewController.swift in Sources */ = {isa = PBXBuildFile; fileRef = 536DA14A217DB71300C1F81B /* ViewController.swift */; };
		536DA14E217DB71300C1F81B /* Main.storyboard in Resources */ = {isa = PBXBuildFile; fileRef = 536DA14C217DB71300C1F81B /* Main.storyboard */; };
		536DA151217DB71300C1F81B /* MarvelApp.xcdatamodeld in Sources */ = {isa = PBXBuildFile; fileRef = 536DA14F217DB71300C1F81B /* MarvelApp.xcdatamodeld */; };
		536DA153217DB71400C1F81B /* Assets.xcassets in Resources */ = {isa = PBXBuildFile; fileRef = 536DA152217DB71400C1F81B /* Assets.xcassets */; };
		536DA156217DB71400C1F81B /* LaunchScreen.storyboard in Resources */ = {isa = PBXBuildFile; fileRef = 536DA154217DB71400C1F81B /* LaunchScreen.storyboard */; };
		536DA161217DB71400C1F81B /* MarvelAppTests.swift in Sources */ = {isa = PBXBuildFile; fileRef = 536DA160217DB71400C1F81B /* MarvelAppTests.swift */; };
		536DA16C217DB71400C1F81B /* MarvelAppUITests.swift in Sources */ = {isa = PBXBuildFile; fileRef = 536DA16B217DB71400C1F81B /* MarvelAppUITests.swift */; };
/* End PBXBuildFile section */

/* Begin PBXContainerItemProxy section */
		536DA15D217DB71400C1F81B /* PBXContainerItemProxy */ = {
			isa = PBXContainerItemProxy;
			containerPortal = 536DA13D217DB71300C1F81B /* Project object */;
			proxyType = 1;
			remoteGlobalIDString = 536DA144217DB71300C1F81B;
			remoteInfo = MarvelApp;
		};
		536DA168217DB71400C1F81B /* PBXContainerItemProxy */ = {
			isa = PBXContainerItemProxy;
			containerPortal = 536DA13D217DB71300C1F81B /* Project object */;
			proxyType = 1;
			remoteGlobalIDString = 536DA144217DB71300C1F81B;
			remoteInfo = MarvelApp;
		};
/* End PBXContainerItemProxy section */

/* Begin PBXFileReference section */
		536DA145217DB71300C1F81B /* MarvelApp.app */ = {isa = PBXFileReference; explicitFileType = wrapper.application; includeInIndex = 0; path = MarvelApp.app; sourceTree = BUILT_PRODUCTS_DIR; };
		536DA148217DB71300C1F81B /* AppDelegate.swift */ = {isa = PBXFileReference; lastKnownFileType = sourcecode.swift; path = AppDelegate.swift; sourceTree = "<group>"; };
		536DA14A217DB71300C1F81B /* ViewController.swift */ = {isa = PBXFileReference; lastKnownFileType = sourcecode.swift; path = ViewController.swift; sourceTree = "<group>"; };
		536DA14D217DB71300C1F81B /* Base */ = {isa = PBXFileReference; lastKnownFileType = file.storyboard; name = Base; path = Base.lproj/Main.storyboard; sourceTree = "<group>"; };
		536DA150217DB71300C1F81B /* MarvelApp.xcdatamodel */ = {isa = PBXFileReference; lastKnownFileType = wrapper.xcdatamodel; path = MarvelApp.xcdatamodel; sourceTree = "<group>"; };
		536DA152217DB71400C1F81B /* Assets.xcassets */ = {isa = PBXFileReference; lastKnownFileType = folder.assetcatalog; path = Assets.xcassets; sourceTree = "<group>"; };
		536DA155217DB71400C1F81B /* Base */ = {isa = PBXFileReference; lastKnownFileType = file.storyboard; name = Base; path = Base.lproj/LaunchScreen.storyboard; sourceTree = "<group>"; };
		536DA157217DB71400C1F81B /* Info.plist */ = {isa = PBXFileReference; lastKnownFileType = text.plist.xml; path = Info.plist; sourceTree = "<group>"; };
		536DA15C217DB71400C1F81B /* MarvelAppTests.xctest */ = {isa = PBXFileReference; explicitFileType = wrapper.cfbundle; includeInIndex = 0; path = MarvelAppTests.xctest; sourceTree = BUILT_PRODUCTS_DIR; };
		536DA160217DB71400C1F81B /* MarvelAppTests.swift */ = {isa = PBXFileReference; lastKnownFileType = sourcecode.swift; path = MarvelAppTests.swift; sourceTree = "<group>"; };
		536DA162217DB71400C1F81B /* Info.plist */ = {isa = PBXFileReference; lastKnownFileType = text.plist.xml; path = Info.plist; sourceTree = "<group>"; };
		536DA167217DB71400C1F81B /* MarvelAppUITests.xctest */ = {isa = PBXFileReference; explicitFileType = wrapper.cfbundle; includeInIndex = 0; path = MarvelAppUITests.xctest; sourceTree = BUILT_PRODUCTS_DIR; };
		536DA16B217DB71400C1F81B /* MarvelAppUITests.swift */ = {isa = PBXFileReference; lastKnownFileType = sourcecode.swift; path = MarvelAppUITests.swift; sourceTree = "<group>"; };
		536DA16D217DB71400C1F81B /* Info.plist */ = {isa = PBXFileReference; lastKnownFileType = text.plist.xml; path = Info.plist; sourceTree = "<group>"; };
/* End PBXFileReference section */

/* Begin PBXFrameworksBuildPhase section */
		536DA142217DB71300C1F81B /* Frameworks */ = {
			isa = PBXFrameworksBuildPhase;
			buildActionMask = 2147483647;
			files = (
			);
			runOnlyForDeploymentPostprocessing = 0;
		};
		536DA159217DB71400C1F81B /* Frameworks */ = {
			isa = PBXFrameworksBuildPhase;
			buildActionMask = 2147483647;
			files = (
			);
			runOnlyForDeploymentPostprocessing = 0;
		};
		536DA164217DB71400C1F81B /* Frameworks */ = {
			isa = PBXFrameworksBuildPhase;
			buildActionMask = 2147483647;
			files = (
			);
			runOnlyForDeploymentPostprocessing = 0;
		};
/* End PBXFrameworksBuildPhase section */

/* Begin PBXGroup section */
		536DA13C217DB71300C1F81B = {
			isa = PBXGroup;
			children = (
				536DA147217DB71300C1F81B /* MarvelApp */,
				536DA15F217DB71400C1F81B /* MarvelAppTests */,
				536DA16A217DB71400C1F81B /* MarvelAppUITests */,
				536DA146217DB71300C1F81B /* Products */,
			);
			sourceTree = "<group>";
		};
		536DA146217DB71300C1F81B /* Products */ = {
			isa = PBXGroup;
			children = (
				536DA145217DB71300C1F81B /* MarvelApp.app */,
				536DA15C217DB71400C1F81B /* MarvelAppTests.xctest */,
				536DA167217DB71400C1F81B /* MarvelAppUITests.xctest */,
			);
			name = Products;
			sourceTree = "<group>";
		};
		536DA147217DB71300C1F81B /* MarvelApp */ = {
			isa = PBXGroup;
			children = (
				536DA148217DB71300C1F81B /* AppDelegate.swift */,
				536DA14A217DB71300C1F81B /* ViewController.swift */,
				536DA14C217DB71300C1F81B /* Main.storyboard */,
				536DA152217DB71400C1F81B /* Assets.xcassets */,
				536DA154217DB71400C1F81B /* LaunchScreen.storyboard */,
				536DA157217DB71400C1F81B /* Info.plist */,
				536DA14F217DB71300C1F81B /* MarvelApp.xcdatamodeld */,
			);
			path = MarvelApp;
			sourceTree = "<group>";
		};
		536DA15F217DB71400C1F81B /* MarvelAppTests */ = {
			isa = PBXGroup;
			children = (
				536DA160217DB71400C1F81B /* MarvelAppTests.swift */,
				536DA162217DB71400C1F81B /* Info.plist */,
			);
			path = MarvelAppTests;
			sourceTree = "<group>";
		};
		536DA16A217DB71400C1F81B /* MarvelAppUITests */ = {
			isa = PBXGroup;
			children = (
				536DA16B217DB71400C1F81B /* MarvelAppUITests.swift */,
				536DA16D217DB71400C1F81B /* Info.plist */,
			);
			path = MarvelAppUITests;
			sourceTree = "<group>";
		};
/* End PBXGroup section */

/* Begin PBXNativeTarget section */
		536DA144217DB71300C1F81B /* MarvelApp */ = {
			isa = PBXNativeTarget;
			buildConfigurationList = 536DA170217DB71400C1F81B /* Build configuration list for PBXNativeTarget "MarvelApp" */;
			buildPhases = (
				536DA141217DB71300C1F81B /* Sources */,
				536DA142217DB71300C1F81B /* Frameworks */,
				536DA143217DB71300C1F81B /* Resources */,
			);
			buildRules = (
			);
			dependencies = (
			);
			name = MarvelApp;
			productName = MarvelApp;
			productReference = 536DA145217DB71300C1F81B /* MarvelApp.app */;
			productType = "com.apple.product-type.application";
		};
		536DA15B217DB71400C1F81B /* MarvelAppTests */ = {
			isa = PBXNativeTarget;
			buildConfigurationList = 536DA173217DB71400C1F81B /* Build configuration list for PBXNativeTarget "MarvelAppTests" */;
			buildPhases = (
				536DA158217DB71400C1F81B /* Sources */,
				536DA159217DB71400C1F81B /* Frameworks */,
				536DA15A217DB71400C1F81B /* Resources */,
			);
			buildRules = (
			);
			dependencies = (
				536DA15E217DB71400C1F81B /* PBXTargetDependency */,
			);
			name = MarvelAppTests;
			productName = MarvelAppTests;
			productReference = 536DA15C217DB71400C1F81B /* MarvelAppTests.xctest */;
			productType = "com.apple.product-type.bundle.unit-test";
		};
		536DA166217DB71400C1F81B /* MarvelAppUITests */ = {
			isa = PBXNativeTarget;
			buildConfigurationList = 536DA176217DB71400C1F81B /* Build configuration list for PBXNativeTarget "MarvelAppUITests" */;
			buildPhases = (
				536DA163217DB71400C1F81B /* Sources */,
				536DA164217DB71400C1F81B /* Frameworks */,
				536DA165217DB71400C1F81B /* Resources */,
			);
			buildRules = (
			);
			dependencies = (
				536DA169217DB71400C1F81B /* PBXTargetDependency */,
			);
			name = MarvelAppUITests;
			productName = MarvelAppUITests;
			productReference = 536DA167217DB71400C1F81B /* MarvelAppUITests.xctest */;
			productType = "com.apple.product-type.bundle.ui-testing";
		};
/* End PBXNativeTarget section */

/* Begin PBXProject section */
		536DA13D217DB71300C1F81B /* Project object */ = {
			isa = PBXProject;
			attributes = {
				LastSwiftUpdateCheck = 0940;
				LastUpgradeCheck = 0940;
				ORGANIZATIONNAME = "Suraj Kodre";
				TargetAttributes = {
					536DA144217DB71300C1F81B = {
						CreatedOnToolsVersion = 9.4.1;
					};
					536DA15B217DB71400C1F81B = {
						CreatedOnToolsVersion = 9.4.1;
						TestTargetID = 536DA144217DB71300C1F81B;
					};
					536DA166217DB71400C1F81B = {
						CreatedOnToolsVersion = 9.4.1;
						TestTargetID = 536DA144217DB71300C1F81B;
					};
				};
			};
			buildConfigurationList = 536DA140217DB71300C1F81B /* Build configuration list for PBXProject "MarvelApp" */;
			compatibilityVersion = "Xcode 9.3";
			developmentRegion = en;
			hasScannedForEncodings = 0;
			knownRegions = (
				en,
				Base,
			);
			mainGroup = 536DA13C217DB71300C1F81B;
			productRefGroup = 536DA146217DB71300C1F81B /* Products */;
			projectDirPath = "";
			projectRoot = "";
			targets = (
				536DA144217DB71300C1F81B /* MarvelApp */,
				536DA15B217DB71400C1F81B /* MarvelAppTests */,
				536DA166217DB71400C1F81B /* MarvelAppUITests */,
			);
		};
/* End PBXProject section */

/* Begin PBXResourcesBuildPhase section */
		536DA143217DB71300C1F81B /* Resources */ = {
			isa = PBXResourcesBuildPhase;
			buildActionMask = 2147483647;
			files = (
				536DA156217DB71400C1F81B /* LaunchScreen.storyboard in Resources */,
				536DA153217DB71400C1F81B /* Assets.xcassets in Resources */,
				536DA14E217DB71300C1F81B /* Main.storyboard in Resources */,
			);
			runOnlyForDeploymentPostprocessing = 0;
		};
		536DA15A217DB71400C1F81B /* Resources */ = {
			isa = PBXResourcesBuildPhase;
			buildActionMask = 2147483647;
			files = (
			);
			runOnlyForDeploymentPostprocessing = 0;
		};
		536DA165217DB71400C1F81B /* Resources */ = {
			isa = PBXResourcesBuildPhase;
			buildActionMask = 2147483647;
			files = (
			);
			runOnlyForDeploymentPostprocessing = 0;
		};
/* End PBXResourcesBuildPhase section */

/* Begin PBXSourcesBuildPhase section */
		536DA141217DB71300C1F81B /* Sources */ = {
			isa = PBXSourcesBuildPhase;
			buildActionMask = 2147483647;
			files = (
				536DA151217DB71300C1F81B /* MarvelApp.xcdatamodeld in Sources */,
				536DA14B217DB71300C1F81B /* ViewController.swift in Sources */,
				536DA149217DB71300C1F81B /* AppDelegate.swift in Sources */,
			);
			runOnlyForDeploymentPostprocessing = 0;
		};
		536DA158217DB71400C1F81B /* Sources */ = {
			isa = PBXSourcesBuildPhase;
			buildActionMask = 2147483647;
			files = (
				536DA161217DB71400C1F81B /* MarvelAppTests.swift in Sources */,
			);
			runOnlyForDeploymentPostprocessing = 0;
		};
		536DA163217DB71400C1F81B /* Sources */ = {
			isa = PBXSourcesBuildPhase;
			buildActionMask = 2147483647;
			files = (
				536DA16C217DB71400C1F81B /* MarvelAppUITests.swift in Sources */,
			);
			runOnlyForDeploymentPostprocessing = 0;
		};
/* End PBXSourcesBuildPhase section */

/* Begin PBXTargetDependency section */
		536DA15E217DB71400C1F81B /* PBXTargetDependency */ = {
			isa = PBXTargetDependency;
			target = 536DA144217DB71300C1F81B /* MarvelApp */;
			targetProxy = 536DA15D217DB71400C1F81B /* PBXContainerItemProxy */;
		};
		536DA169217DB71400C1F81B /* PBXTargetDependency */ = {
			isa = PBXTargetDependency;
			target = 536DA144217DB71300C1F81B /* MarvelApp */;
			targetProxy = 536DA168217DB71400C1F81B /* PBXContainerItemProxy */;
		};
/* End PBXTargetDependency section */

/* Begin PBXVariantGroup section */
		536DA14C217DB71300C1F81B /* Main.storyboard */ = {
			isa = PBXVariantGroup;
			children = (
				536DA14D217DB71300C1F81B /* Base */,
			);
			name = Main.storyboard;
			sourceTree = "<group>";
		};
		536DA154217DB71400C1F81B /* LaunchScreen.storyboard */ = {
			isa = PBXVariantGroup;
			children = (
				536DA155217DB71400C1F81B /* Base */,
			);
			name = LaunchScreen.storyboard;
			sourceTree = "<group>";
		};
/* End PBXVariantGroup section */

/* Begin XCBuildConfiguration section */
		536DA16E217DB71400C1F81B /* Debug */ = {
			isa = XCBuildConfiguration;
			buildSettings = {
				ALWAYS_SEARCH_USER_PATHS = NO;
				CLANG_ANALYZER_NONNULL = YES;
				CLANG_ANALYZER_NUMBER_OBJECT_CONVERSION = YES_AGGRESSIVE;
				CLANG_CXX_LANGUAGE_STANDARD = "gnu++14";
				CLANG_CXX_LIBRARY = "libc++";
				CLANG_ENABLE_MODULES = YES;
				CLANG_ENABLE_OBJC_ARC = YES;
				CLANG_ENABLE_OBJC_WEAK = YES;
				CLANG_WARN_BLOCK_CAPTURE_AUTORELEASING = YES;
				CLANG_WARN_BOOL_CONVERSION = YES;
				CLANG_WARN_COMMA = YES;
				CLANG_WARN_CONSTANT_CONVERSION = YES;
				CLANG_WARN_DEPRECATED_OBJC_IMPLEMENTATIONS = YES;
				CLANG_WARN_DIRECT_OBJC_ISA_USAGE = YES_ERROR;
				CLANG_WARN_DOCUMENTATION_COMMENTS = YES;
				CLANG_WARN_EMPTY_BODY = YES;
				CLANG_WARN_ENUM_CONVERSION = YES;
				CLANG_WARN_INFINITE_RECURSION = YES;
				CLANG_WARN_INT_CONVERSION = YES;
				CLANG_WARN_NON_LITERAL_NULL_CONVERSION = YES;
				CLANG_WARN_OBJC_IMPLICIT_RETAIN_SELF = YES;
				CLANG_WARN_OBJC_LITERAL_CONVERSION = YES;
				CLANG_WARN_OBJC_ROOT_CLASS = YES_ERROR;
				CLANG_WARN_RANGE_LOOP_ANALYSIS = YES;
				CLANG_WARN_STRICT_PROTOTYPES = YES;
				CLANG_WARN_SUSPICIOUS_MOVE = YES;
				CLANG_WARN_UNGUARDED_AVAILABILITY = YES_AGGRESSIVE;
				CLANG_WARN_UNREACHABLE_CODE = YES;
				CLANG_WARN__DUPLICATE_METHOD_MATCH = YES;
				CODE_SIGN_IDENTITY = "iPhone Developer";
				COPY_PHASE_STRIP = NO;
				DEBUG_INFORMATION_FORMAT = dwarf;
				ENABLE_STRICT_OBJC_MSGSEND = YES;
				ENABLE_TESTABILITY = YES;
				GCC_C_LANGUAGE_STANDARD = gnu11;
				GCC_DYNAMIC_NO_PIC = NO;
				GCC_NO_COMMON_BLOCKS = YES;
				GCC_OPTIMIZATION_LEVEL = 0;
				GCC_PREPROCESSOR_DEFINITIONS = (
					"DEBUG=1",
					"$(inherited)",
				);
				GCC_WARN_64_TO_32_BIT_CONVERSION = YES;
				GCC_WARN_ABOUT_RETURN_TYPE = YES_ERROR;
				GCC_WARN_UNDECLARED_SELECTOR = YES;
				GCC_WARN_UNINITIALIZED_AUTOS = YES_AGGRESSIVE;
				GCC_WARN_UNUSED_FUNCTION = YES;
				GCC_WARN_UNUSED_VARIABLE = YES;
				IPHONEOS_DEPLOYMENT_TARGET = 11.4;
				MTL_ENABLE_DEBUG_INFO = YES;
				ONLY_ACTIVE_ARCH = YES;
				SDKROOT = iphoneos;
				SWIFT_ACTIVE_COMPILATION_CONDITIONS = DEBUG;
				SWIFT_OPTIMIZATION_LEVEL = "-Onone";
			};
			name = Debug;
		};
		536DA16F217DB71400C1F81B /* Release */ = {
			isa = XCBuildConfiguration;
			buildSettings = {
				ALWAYS_SEARCH_USER_PATHS = NO;
				CLANG_ANALYZER_NONNULL = YES;
				CLANG_ANALYZER_NUMBER_OBJECT_CONVERSION = YES_AGGRESSIVE;
				CLANG_CXX_LANGUAGE_STANDARD = "gnu++14";
				CLANG_CXX_LIBRARY = "libc++";
				CLANG_ENABLE_MODULES = YES;
				CLANG_ENABLE_OBJC_ARC = YES;
				CLANG_ENABLE_OBJC_WEAK = YES;
				CLANG_WARN_BLOCK_CAPTURE_AUTORELEASING = YES;
				CLANG_WARN_BOOL_CONVERSION = YES;
				CLANG_WARN_COMMA = YES;
				CLANG_WARN_CONSTANT_CONVERSION = YES;
				CLANG_WARN_DEPRECATED_OBJC_IMPLEMENTATIONS = YES;
				CLANG_WARN_DIRECT_OBJC_ISA_USAGE = YES_ERROR;
				CLANG_WARN_DOCUMENTATION_COMMENTS = YES;
				CLANG_WARN_EMPTY_BODY = YES;
				CLANG_WARN_ENUM_CONVERSION = YES;
				CLANG_WARN_INFINITE_RECURSION = YES;
				CLANG_WARN_INT_CONVERSION = YES;
				CLANG_WARN_NON_LITERAL_NULL_CONVERSION = YES;
				CLANG_WARN_OBJC_IMPLICIT_RETAIN_SELF = YES;
				CLANG_WARN_OBJC_LITERAL_CONVERSION = YES;
				CLANG_WARN_OBJC_ROOT_CLASS = YES_ERROR;
				CLANG_WARN_RANGE_LOOP_ANALYSIS = YES;
				CLANG_WARN_STRICT_PROTOTYPES = YES;
				CLANG_WARN_SUSPICIOUS_MOVE = YES;
				CLANG_WARN_UNGUARDED_AVAILABILITY = YES_AGGRESSIVE;
				CLANG_WARN_UNREACHABLE_CODE = YES;
				CLANG_WARN__DUPLICATE_METHOD_MATCH = YES;
				CODE_SIGN_IDENTITY = "iPhone Developer";
				COPY_PHASE_STRIP = NO;
				DEBUG_INFORMATION_FORMAT = "dwarf-with-dsym";
				ENABLE_NS_ASSERTIONS = NO;
				ENABLE_STRICT_OBJC_MSGSEND = YES;
				GCC_C_LANGUAGE_STANDARD = gnu11;
				GCC_NO_COMMON_BLOCKS = YES;
				GCC_WARN_64_TO_32_BIT_CONVERSION = YES;
				GCC_WARN_ABOUT_RETURN_TYPE = YES_ERROR;
				GCC_WARN_UNDECLARED_SELECTOR = YES;
				GCC_WARN_UNINITIALIZED_AUTOS = YES_AGGRESSIVE;
				GCC_WARN_UNUSED_FUNCTION = YES;
				GCC_WARN_UNUSED_VARIABLE = YES;
				IPHONEOS_DEPLOYMENT_TARGET = 11.4;
				MTL_ENABLE_DEBUG_INFO = NO;
				SDKROOT = iphoneos;
				SWIFT_COMPILATION_MODE = wholemodule;
				SWIFT_OPTIMIZATION_LEVEL = "-O";
				VALIDATE_PRODUCT = YES;
			};
			name = Release;
		};
		536DA171217DB71400C1F81B /* Debug */ = {
			isa = XCBuildConfiguration;
			buildSettings = {
				ASSETCATALOG_COMPILER_APPICON_NAME = AppIcon;
				CODE_SIGN_STYLE = Automatic;
				INFOPLIST_FILE = MarvelApp/Info.plist;
				LD_RUNPATH_SEARCH_PATHS = (
					"$(inherited)",
					"@executable_path/Frameworks",
				);
				PRODUCT_BUNDLE_IDENTIFIER = com.suraj.MarvelApp;
				PRODUCT_NAME = "$(TARGET_NAME)";
				SWIFT_VERSION = 4.0;
				TARGETED_DEVICE_FAMILY = "1,2";
			};
			name = Debug;
		};
		536DA172217DB71400C1F81B /* Release */ = {
			isa = XCBuildConfiguration;
			buildSettings = {
				ASSETCATALOG_COMPILER_APPICON_NAME = AppIcon;
				CODE_SIGN_STYLE = Automatic;
				INFOPLIST_FILE = MarvelApp/Info.plist;
				LD_RUNPATH_SEARCH_PATHS = (
					"$(inherited)",
					"@executable_path/Frameworks",
				);
				PRODUCT_BUNDLE_IDENTIFIER = com.suraj.MarvelApp;
				PRODUCT_NAME = "$(TARGET_NAME)";
				SWIFT_VERSION = 4.0;
				TARGETED_DEVICE_FAMILY = "1,2";
			};
			name = Release;
		};
		536DA174217DB71400C1F81B /* Debug */ = {
			isa = XCBuildConfiguration;
			buildSettings = {
				ALWAYS_EMBED_SWIFT_STANDARD_LIBRARIES = YES;
				BUNDLE_LOADER = "$(TEST_HOST)";
				CODE_SIGN_STYLE = Automatic;
				INFOPLIST_FILE = MarvelAppTests/Info.plist;
				LD_RUNPATH_SEARCH_PATHS = (
					"$(inherited)",
					"@executable_path/Frameworks",
					"@loader_path/Frameworks",
				);
				PRODUCT_BUNDLE_IDENTIFIER = com.suraj.MarvelAppTests;
				PRODUCT_NAME = "$(TARGET_NAME)";
				SWIFT_VERSION = 4.0;
				TARGETED_DEVICE_FAMILY = "1,2";
				TEST_HOST = "$(BUILT_PRODUCTS_DIR)/MarvelApp.app/MarvelApp";
			};
			name = Debug;
		};
		536DA175217DB71400C1F81B /* Release */ = {
			isa = XCBuildConfiguration;
			buildSettings = {
				ALWAYS_EMBED_SWIFT_STANDARD_LIBRARIES = YES;
				BUNDLE_LOADER = "$(TEST_HOST)";
				CODE_SIGN_STYLE = Automatic;
				INFOPLIST_FILE = MarvelAppTests/Info.plist;
				LD_RUNPATH_SEARCH_PATHS = (
					"$(inherited)",
					"@executable_path/Frameworks",
					"@loader_path/Frameworks",
				);
				PRODUCT_BUNDLE_IDENTIFIER = com.suraj.MarvelAppTests;
				PRODUCT_NAME = "$(TARGET_NAME)";
				SWIFT_VERSION = 4.0;
				TARGETED_DEVICE_FAMILY = "1,2";
				TEST_HOST = "$(BUILT_PRODUCTS_DIR)/MarvelApp.app/MarvelApp";
			};
			name = Release;
		};
		536DA177217DB71400C1F81B /* Debug */ = {
			isa = XCBuildConfiguration;
			buildSettings = {
				ALWAYS_EMBED_SWIFT_STANDARD_LIBRARIES = YES;
				CODE_SIGN_STYLE = Automatic;
				INFOPLIST_FILE = MarvelAppUITests/Info.plist;
				LD_RUNPATH_SEARCH_PATHS = (
					"$(inherited)",
					"@executable_path/Frameworks",
					"@loader_path/Frameworks",
				);
				PRODUCT_BUNDLE_IDENTIFIER = com.suraj.MarvelAppUITests;
				PRODUCT_NAME = "$(TARGET_NAME)";
				SWIFT_VERSION = 4.0;
				TARGETED_DEVICE_FAMILY = "1,2";
				TEST_TARGET_NAME = MarvelApp;
			};
			name = Debug;
		};
		536DA178217DB71400C1F81B /* Release */ = {
			isa = XCBuildConfiguration;
			buildSettings = {
				ALWAYS_EMBED_SWIFT_STANDARD_LIBRARIES = YES;
				CODE_SIGN_STYLE = Automatic;
				INFOPLIST_FILE = MarvelAppUITests/Info.plist;
				LD_RUNPATH_SEARCH_PATHS = (
					"$(inherited)",
					"@executable_path/Frameworks",
					"@loader_path/Frameworks",
				);
				PRODUCT_BUNDLE_IDENTIFIER = com.suraj.MarvelAppUITests;
				PRODUCT_NAME = "$(TARGET_NAME)";
				SWIFT_VERSION = 4.0;
				TARGETED_DEVICE_FAMILY = "1,2";
				TEST_TARGET_NAME = MarvelApp;
			};
			name = Release;
		};
/* End XCBuildConfiguration section */

/* Begin XCConfigurationList section */
		536DA140217DB71300C1F81B /* Build configuration list for PBXProject "MarvelApp" */ = {
			isa = XCConfigurationList;
			buildConfigurations = (
				536DA16E217DB71400C1F81B /* Debug */,
				536DA16F217DB71400C1F81B /* Release */,
			);
			defaultConfigurationIsVisible = 0;
			defaultConfigurationName = Release;
		};
		536DA170217DB71400C1F81B /* Build configuration list for PBXNativeTarget "MarvelApp" */ = {
			isa = XCConfigurationList;
			buildConfigurations = (
				536DA171217DB71400C1F81B /* Debug */,
				536DA172217DB71400C1F81B /* Release */,
			);
			defaultConfigurationIsVisible = 0;
			defaultConfigurationName = Release;
		};
		536DA173217DB71400C1F81B /* Build configuration list for PBXNativeTarget "MarvelAppTests" */ = {
			isa = XCConfigurationList;
			buildConfigurations = (
				536DA174217DB71400C1F81B /* Debug */,
				536DA175217DB71400C1F81B /* Release */,
			);
			defaultConfigurationIsVisible = 0;
			defaultConfigurationName = Release;
		};
		536DA176217DB71400C1F81B /* Build configuration list for PBXNativeTarget "MarvelAppUITests" */ = {
			isa = XCConfigurationList;
			buildConfigurations = (
				536DA177217DB71400C1F81B /* Debug */,
				536DA178217DB71400C1F81B /* Release */,
			);
			defaultConfigurationIsVisible = 0;
			defaultConfigurationName = Release;
		};
/* End XCConfigurationList section */

/* Begin XCVersionGroup section */
		536DA14F217DB71300C1F81B /* MarvelApp.xcdatamodeld */ = {
			isa = XCVersionGroup;
			children = (
				536DA150217DB71300C1F81B /* MarvelApp.xcdatamodel */,
			);
			currentVersion = 536DA150217DB71300C1F81B /* MarvelApp.xcdatamodel */;
			path = MarvelApp.xcdatamodeld;
			sourceTree = "<group>";
			versionGroupType = wrapper.xcdatamodel;
		};
/* End XCVersionGroup section */
	};
	rootObject = 536DA13D217DB71300C1F81B /* Project object */;
}
